
Microsoft Visual Studio Solution File, Format Version 12.00
# Visual Studio 2012
Project("{FAE04EC0-301F-11D3-BF4B-00C04F79EFBC}") = "AllGithubEmojis.Console", "AllGithubEmojis.Console\AllGithubEmojis.Console.csproj", "{62160892-9CA4-449D-8BDF-D55FA89362F9}"
EndProject
Project("{FAE04EC0-301F-11D3-BF4B-00C04F79EFBC}") = "AllGithubEmojis.Core", "AllGithubEmojis.Core\AllGithubEmojis.Core.csproj", "{F31FFACC-4C7C-4EA1-AE78-03F5E841804E}"
EndProject
Project("{FAE04EC0-301F-11D3-BF4B-00C04F79EFBC}") = "AllGithubEmojis.Generator", "AllGithubEmojis.Generator\AllGithubEmojis.Generator.csproj", "{BFDE4704-2A33-4F3F-8957-D019241593BA}"
EndProject
Global
	GlobalSection(SolutionConfigurationPlatforms) = preSolution
		Debug|Any CPU = Debug|Any CPU
		Release|Any CPU = Release|Any CPU
	EndGlobalSection
	GlobalSection(ProjectConfigurationPlatforms) = postSolution
		{62160892-9CA4-449D-8BDF-D55FA89362F9}.Debug|Any CPU.ActiveCfg = Debug|Any CPU
		{62160892-9CA4-449D-8BDF-D55FA89362F9}.Debug|Any CPU.Build.0 = Debug|Any CPU
		{62160892-9CA4-449D-8BDF-D55FA89362F9}.Release|Any CPU.ActiveCfg = Release|Any CPU
		{62160892-9CA4-449D-8BDF-D55FA89362F9}.Release|Any CPU.Build.0 = Release|Any CPU
		{F31FFACC-4C7C-4EA1-AE78-03F5E841804E}.Debug|Any CPU.ActiveCfg = Debug|Any CPU
		{F31FFACC-4C7C-4EA1-AE78-03F5E841804E}.Debug|Any CPU.Build.0 = Debug|Any CPU
		{F31FFACC-4C7C-4EA1-AE78-03F5E841804E}.Release|Any CPU.ActiveCfg = Release|Any CPU
		{F31FFACC-4C7C-4EA1-AE78-03F5E841804E}.Release|Any CPU.Build.0 = Release|Any CPU
		{BFDE4704-2A33-4F3F-8957-D019241593BA}.Debug|Any CPU.ActiveCfg = Debug|Any CPU
		{BFDE4704-2A33-4F3F-8957-D019241593BA}.Debug|Any CPU.Build.0 = Debug|Any CPU
		{BFDE4704-2A33-4F3F-8957-D019241593BA}.Release|Any CPU.ActiveCfg = Release|Any CPU
		{BFDE4704-2A33-4F3F-8957-D019241593BA}.Release|Any CPU.Build.0 = Release|Any CPU
	EndGlobalSection
EndGlobal
